
Microsoft Visual Studio Solution File, Format Version 12.00
# Visual Studio Version 17
VisualStudioVersion = 17.14.36429.23
MinimumVisualStudioVersion = 10.0.40219.1
Project("{FAE04EC0-301F-11D3-BF4B-00C04F79EFBC}") = "PresentationConsoleApp", "PresentationConsoleApp\PresentationConsoleApp.csproj", "{708859EB-1BF6-471F-9DD9-0C6256520D78}"
EndProject
Project("{FAE04EC0-301F-11D3-BF4B-00C04F79EFBC}") = "Infrastructure", "Infrastructure\Infrastructure.csproj", "{015873EF-2767-47D9-A09E-9A81619F086F}"
EndProject
Project("{FAE04EC0-301F-11D3-BF4B-00C04F79EFBC}") = "ProductApp.Tests.", "ProductApp.Tests\ProductApp.Tests..csproj", "{53E25C1E-D78D-4364-B010-9EB85CB654A7}"
EndProject
Project("{2150E333-8FDC-42A3-9474-1A3956D46DE8}") = "Solution Items", "Solution Items", "{8EC462FD-D22E-90A8-E5CE-7E832BA40C5D}"
	ProjectSection(SolutionItems) = preProject
		README.md = README.md
	EndProjectSection
EndProject
Global
	GlobalSection(SolutionConfigurationPlatforms) = preSolution
		Debug|Any CPU = Debug|Any CPU
		Release|Any CPU = Release|Any CPU
	EndGlobalSection
	GlobalSection(ProjectConfigurationPlatforms) = postSolution
		{708859EB-1BF6-471F-9DD9-0C6256520D78}.Debug|Any CPU.ActiveCfg = Debug|Any CPU
		{708859EB-1BF6-471F-9DD9-0C6256520D78}.Debug|Any CPU.Build.0 = Debug|Any CPU
		{708859EB-1BF6-471F-9DD9-0C6256520D78}.Release|Any CPU.ActiveCfg = Release|Any CPU
		{708859EB-1BF6-471F-9DD9-0C6256520D78}.Release|Any CPU.Build.0 = Release|Any CPU
		{015873EF-2767-47D9-A09E-9A81619F086F}.Debug|Any CPU.ActiveCfg = Debug|Any CPU
		{015873EF-2767-47D9-A09E-9A81619F086F}.Debug|Any CPU.Build.0 = Debug|Any CPU
		{015873EF-2767-47D9-A09E-9A81619F086F}.Release|Any CPU.ActiveCfg = Release|Any CPU
		{015873EF-2767-47D9-A09E-9A81619F086F}.Release|Any CPU.Build.0 = Release|Any CPU
		{53E25C1E-D78D-4364-B010-9EB85CB654A7}.Debug|Any CPU.ActiveCfg = Debug|Any CPU
		{53E25C1E-D78D-4364-B010-9EB85CB654A7}.Debug|Any CPU.Build.0 = Debug|Any CPU
		{53E25C1E-D78D-4364-B010-9EB85CB654A7}.Release|Any CPU.ActiveCfg = Release|Any CPU
		{53E25C1E-D78D-4364-B010-9EB85CB654A7}.Release|Any CPU.Build.0 = Release|Any CPU
	EndGlobalSection
	GlobalSection(SolutionProperties) = preSolution
		HideSolutionNode = FALSE
	EndGlobalSection
	GlobalSection(ExtensibilityGlobals) = postSolution
		SolutionGuid = {FABCF0CD-4BA7-4860-B3FA-5ABFB5C18E93}
	EndGlobalSection
EndGlobal
